{
  "name": "frontend",
  "lockfileVersion": 3,
  "requires": true,
  "packages": {
    "": {
      "dependencies": {
        "gsap": "npm:@gsap/shockingly@^3.12.4",
        "jquery": "^3.7.1"
      }
    },
    "node_modules/gsap": {
      "name": "@gsap/shockingly",
      "version": "3.12.4",
      "resolved": "https://npm.greensock.com/@gsap%2fshockingly/-/shockingly-3.12.4.tgz",
      "integrity": "sha512-3SXz2Ziu1uWY1XgZcUOmLpvq5NZ7b748A0lQtZ7f9detWLL7+IZrsdxAiZw5Q5i1twfvOeLsaK5N+r3B8QRlVw==",
      "license": "This package should only be used by individuals/companies with an active Club GSAP membership (Premium or higher). See https://gsap.com/pricing/. Licensing: https://gsap.com/licensing/"
    },
    "node_modules/jquery": {
      "version": "3.7.1",
      "resolved": "https://registry.npmjs.org/jquery/-/jquery-3.7.1.tgz",
      "integrity": "sha512-m4avr8yL8kmFN8psrbFFFmB/If14iN5o9nw/NgnnM+kybDJpRsAynV2BsfpTYrTRysYUdADVD7CkUUizgkpLfg=="
    }
  }
}
